
Microsoft Visual Studio Solution File, Format Version 12.00
# Visual Studio Version 17
VisualStudioVersion = 17.0.32014.148
MinimumVisualStudioVersion = 10.0.40219.1
Project("{9A19103F-16F7-4668-BE54-9A1E7A4F7556}") = "Lecture1", "Lecture1\Lecture1.csproj", "{3E78256C-F8B1-4274-A93F-62A81B04A1F3}"
EndProject
Project("{FAE04EC0-301F-11D3-BF4B-00C04F79EFBC}") = "Lecture1.Tests", "Lecture1.Tests\Lecture1.Tests.csproj", "{313E705F-3767-420F-8DB2-A82B12CD8D1C}"
EndProject
Global
	GlobalSection(SolutionConfigurationPlatforms) = preSolution
		Debug|Any CPU = Debug|Any CPU
		Release|Any CPU = Release|Any CPU
	EndGlobalSection
	GlobalSection(ProjectConfigurationPlatforms) = postSolution
		{3E78256C-F8B1-4274-A93F-62A81B04A1F3}.Debug|Any CPU.ActiveCfg = Debug|Any CPU
		{3E78256C-F8B1-4274-A93F-62A81B04A1F3}.Debug|Any CPU.Build.0 = Debug|Any CPU
		{3E78256C-F8B1-4274-A93F-62A81B04A1F3}.Release|Any CPU.ActiveCfg = Release|Any CPU
		{3E78256C-F8B1-4274-A93F-62A81B04A1F3}.Release|Any CPU.Build.0 = Release|Any CPU
		{313E705F-3767-420F-8DB2-A82B12CD8D1C}.Debug|Any CPU.ActiveCfg = Debug|Any CPU
		{313E705F-3767-420F-8DB2-A82B12CD8D1C}.Debug|Any CPU.Build.0 = Debug|Any CPU
		{313E705F-3767-420F-8DB2-A82B12CD8D1C}.Release|Any CPU.ActiveCfg = Release|Any CPU
		{313E705F-3767-420F-8DB2-A82B12CD8D1C}.Release|Any CPU.Build.0 = Release|Any CPU
	EndGlobalSection
	GlobalSection(SolutionProperties) = preSolution
		HideSolutionNode = FALSE
	EndGlobalSection
	GlobalSection(ExtensibilityGlobals) = postSolution
		SolutionGuid = {A54DC02D-0356-40E1-AAC0-CF1491FEC4D6}
	EndGlobalSection
EndGlobal
