
Microsoft Visual Studio Solution File, Format Version 12.00
# Visual Studio Version 17
VisualStudioVersion = 17.0.32014.148
MinimumVisualStudioVersion = 10.0.40219.1
Project("{FAE04EC0-301F-11D3-BF4B-00C04F79EFBC}") = "Lecture1", "Lecture1.csproj", "{EF738573-B6BE-438B-A1E7-406E5D5EA48F}"
EndProject
Global
	GlobalSection(SolutionConfigurationPlatforms) = preSolution
		Debug|Any CPU = Debug|Any CPU
		Release|Any CPU = Release|Any CPU
	EndGlobalSection
	GlobalSection(ProjectConfigurationPlatforms) = postSolution
		{EF738573-B6BE-438B-A1E7-406E5D5EA48F}.Debug|Any CPU.ActiveCfg = Debug|Any CPU
		{EF738573-B6BE-438B-A1E7-406E5D5EA48F}.Debug|Any CPU.Build.0 = Debug|Any CPU
		{EF738573-B6BE-438B-A1E7-406E5D5EA48F}.Release|Any CPU.ActiveCfg = Release|Any CPU
		{EF738573-B6BE-438B-A1E7-406E5D5EA48F}.Release|Any CPU.Build.0 = Release|Any CPU
	EndGlobalSection
	GlobalSection(SolutionProperties) = preSolution
		HideSolutionNode = FALSE
	EndGlobalSection
	GlobalSection(ExtensibilityGlobals) = postSolution
		SolutionGuid = {C4BD443E-3437-4A0A-B4CB-33613D9465A0}
	EndGlobalSection
EndGlobal
